version = 1
revision = 3
requires-python = ">=3.14"

[[package]]
name = "anyio"
version = "4.13.0"
source = { registry = "https://pypi.tuna.tsinghua.edu.cn/simple" }
dependencies = [
    { name = "idna" },
]
sdist = { url = "https://pypi.tuna.tsinghua.edu.cn/packages/19/14/2c5dd9f512b66549ae92767a9c7b330ae88e1932ca57876909410251fe13/anyio-4.13.0.tar.gz", hash = "sha256:334b70e641fd2221c1505b3890c69882fe4a2df910cba14d97019b90b24439dc", size = 231622, upload-time = "2026-03-24T12:59:09.671Z" }
wheels = [
    { url = "https://pypi.tuna.tsinghua.edu.cn/packages/da/42/e921fccf5015463e32a3cf6ee7f980a6ed0f395ceeaa45060b61d86486c2/anyio-4.13.0-py3-none-any.whl", hash = "sha256:08b310f9e24a9594186fd75b4f73f4a4152069e3853f1ed8bfbf58369f4ad708", size = 114353, upload-time = "2026-03-24T12:59:08.246Z" },
]

[[package]]
name = "appdirs"
version = "1.4.4"
source = { registry = "https://pypi.tuna.tsinghua.edu.cn/simple" }
sdist = { url = "https://pypi.tuna.tsinghua.edu.cn/packages/d7/d8/05696357e0311f5b5c316d7b95f46c669dd9c15aaeecbb48c7d0aeb88c40/appdirs-1.4.4.tar.gz", hash = "sha256:7d5d0167b2b1ba821647616af46a749d1c653740dd0d2415100fe26e27afdf41", size = 13470, upload-time = "2020-05-11T07:59:51.037Z" }
wheels = [
    { url = "https://pypi.tuna.tsinghua.edu.cn/packages/3b/00/2344469e2084fb287c2e0b57b72910309874c3245463acd6cf5e3db69324/appdirs-1.4.4-py2.py3-none-any.whl", hash = "sha256:a841dacd6b99318a741b166adb07e19ee71a274450e68237b4650ca1055ab128", size = 9566, upload-time = "2020-05-11T07:59:49.499Z" },
]

[[package]]
name = "brotli"
version = "1.2.0"
source = { registry = "https://pypi.tuna.tsinghua.edu.cn/simple" }
sdist = { url = "https://pypi.tuna.tsinghua.edu.cn/packages/f7/16/c92ca344d646e71a43b8bb353f0a6490d7f6e06210f8554c8f874e454285/brotli-1.2.0.tar.gz", hash = "sha256:e310f77e41941c13340a95976fe66a8a95b01e783d430eeaf7a2f87e0a57dd0a", size = 7388632, upload-time = "2025-11-05T18:39:42.86Z" }
wheels = [
    { url = "https://pypi.tuna.tsinghua.edu.cn/packages/17/e1/298c2ddf786bb7347a1cd71d63a347a79e5712a7c0cba9e3c3458ebd976f/brotli-1.2.0-cp314-cp314-macosx_10_15_universal2.whl", hash = "sha256:6c12dad5cd04530323e723787ff762bac749a7b256a5bece32b2243dd5c27b21", size = 863080, upload-time = "2025-11-05T18:38:45.503Z" },
    { url = "https://pypi.tuna.tsinghua.edu.cn/packages/84/0c/aac98e286ba66868b2b3b50338ffbd85a35c7122e9531a73a37a29763d38/brotli-1.2.0-cp314-cp314-macosx_10_15_x86_64.whl", hash = "sha256:3219bd9e69868e57183316ee19c84e03e8f8b5a1d1f2667e1aa8c2f91cb061ac", size = 445453, upload-time = "2025-11-05T18:38:46.433Z" },
    { url = "https://pypi.tuna.tsinghua.edu.cn/packages/ec/f1/0ca1f3f99ae300372635ab3fe2f7a79fa335fee3d874fa7f9e68575e0e62/brotli-1.2.0-cp314-cp314-manylinux2014_aarch64.manylinux_2_17_aarch64.manylinux_2_28_aarch64.whl", hash = "sha256:963a08f3bebd8b75ac57661045402da15991468a621f014be54e50f53a58d19e", size = 1528168, upload-time = "2025-11-05T18:38:47.371Z" },
    { url = "https://pypi.tuna.tsinghua.edu.cn/packages/d6/a6/2ebfc8f766d46df8d3e65b880a2e220732395e6d7dc312c1e1244b0f074a/brotli-1.2.0-cp314-cp314-manylinux2014_ppc64le.manylinux_2_17_ppc64le.manylinux_2_28_ppc64le.whl", hash = "sha256:9322b9f8656782414b37e6af884146869d46ab85158201d82bab9abbcb971dc7", size = 1627098, upload-time = "2025-11-05T18:38:48.385Z" },
    { url = "https://pypi.tuna.tsinghua.edu.cn/packages/f3/2f/0976d5b097ff8a22163b10617f76b2557f15f0f39d6a0fe1f02b1a53e92b/brotli-1.2.0-cp314-cp314-manylinux2014_x86_64.manylinux_2_17_x86_64.whl", hash = "sha256:cf9cba6f5b78a2071ec6fb1e7bd39acf35071d90a81231d67e92d637776a6a63", size = 1419861, upload-time = "2025-11-05T18:38:49.372Z" },
    { url = "https://pypi.tuna.tsinghua.edu.cn/packages/9c/97/d76df7176a2ce7616ff94c1fb72d307c9a30d2189fe877f3dd99af00ea5a/brotli-1.2.0-cp314-cp314-musllinux_1_2_aarch64.whl", hash = "sha256:7547369c4392b47d30a3467fe8c3330b4f2e0f7730e45e3103d7d636678a808b", size = 1484594, upload-time = "2025-11-05T18:38:50.655Z" },
    { url = "https://pypi.tuna.tsinghua.edu.cn/packages/d3/93/14cf0b1216f43df5609f5b272050b0abd219e0b54ea80b47cef9867b45e7/brotli-1.2.0-cp314-cp314-musllinux_1_2_ppc64le.whl", hash = "sha256:fc1530af5c3c275b8524f2e24841cbe2599d74462455e9bae5109e9ff42e9361", size = 1593455, upload-time = "2025-11-05T18:38:51.624Z" },
    { url = "https://pypi.tuna.tsinghua.edu.cn/packages/b3/73/3183c9e41ca755713bdf2cc1d0810df742c09484e2e1ddd693bee53877c1/brotli-1.2.0-cp314-cp314-musllinux_1_2_x86_64.whl", hash = "sha256:d2d085ded05278d1c7f65560aae97b3160aeb2ea2c0b3e26204856beccb60888", size = 1488164, upload-time = "2025-11-05T18:38:53.079Z" },
    { url = "https://pypi.tuna.tsinghua.edu.cn/packages/64/6a/0c78d8f3a582859236482fd9fa86a65a60328a00983006bcf6d83b7b2253/brotli-1.2.0-cp314-cp314-win32.whl", hash = "sha256:832c115a020e463c2f67664560449a7bea26b0c1fdd690352addad6d0a08714d", size = 339280, upload-time = "2025-11-05T18:38:54.02Z" },
    { url = "https://pypi.tuna.tsinghua.edu.cn/packages/f5/10/56978295c14794b2c12007b07f3e41ba26acda9257457d7085b0bb3bb90c/brotli-1.2.0-cp314-cp314-win_amd64.whl", hash = "sha256:e7c0af964e0b4e3412a0ebf341ea26ec767fa0b4cf81abb5e897c9338b5ad6a3", size = 375639, upload-time = "2025-11-05T18:38:55.67Z" },
]

[[package]]
name = "brotlicffi"
version = "1.2.0.1"
source = { registry = "https://pypi.tuna.tsinghua.edu.cn/simple" }
dependencies = [
    { name = "cffi" },
]
sdist = { url = "https://pypi.tuna.tsinghua.edu.cn/packages/8a/b6/017dc5f852ed9b8735af77774509271acbf1de02d238377667145fcee01d/brotlicffi-1.2.0.1.tar.gz", hash = "sha256:c20d5c596278307ad06414a6d95a892377ea274a5c6b790c2548c009385d621c", size = 478156, upload-time = "2026-03-05T19:54:11.547Z" }
wheels = [
    { url = "https://pypi.tuna.tsinghua.edu.cn/packages/ef/f9/dfa56316837fa798eac19358351e974de8e1e2ca9475af4cb90293cd6576/brotlicffi-1.2.0.1-cp314-cp314t-macosx_11_0_arm64.whl", hash = "sha256:2c85e65913cf2b79c57a3fdd05b98d9731d9255dc0cb696b09376cc091b9cddd", size = 433046, upload-time = "2026-03-05T19:53:46.209Z" },
    { url = "https://pypi.tuna.tsinghua.edu.cn/packages/4a/f5/f8f492158c76b0d940388801f04f747028971ad5774287bded5f1e53f08d/brotlicffi-1.2.0.1-cp314-cp314t-manylinux2014_aarch64.manylinux_2_17_aarch64.manylinux_2_28_aarch64.whl", hash = "sha256:535f2d05d0273408abc13fc0eebb467afac17b0ad85090c8913690d40207dac5", size = 1541126, upload-time = "2026-03-05T19:53:48.248Z" },
    { url = "https://pypi.tuna.tsinghua.edu.cn/packages/3b/e1/ff87af10ac419600c63e9287a0649c673673ae6b4f2bcf48e96cb2f89f60/brotlicffi-1.2.0.1-cp314-cp314t-manylinux2014_x86_64.manylinux_2_17_x86_64.manylinux_2_28_x86_64.whl", hash = "sha256:ce17eb798ca59ecec67a9bb3fd7a4304e120d1cd02953ce522d959b9a84d58ac", size = 1541983, upload-time = "2026-03-05T19:53:50.317Z" },
    { url = "https://pypi.tuna.tsinghua.edu.cn/packages/47/c0/80ecd9bd45776109fab14040e478bf63e456967c9ddee2353d8330ed8de1/brotlicffi-1.2.0.1-cp314-cp314t-win32.whl", hash = "sha256:3c9544f83cb715d95d7eab3af4adbbef8b2093ad6382288a83b3a25feb1a57ec", size = 349047, upload-time = "2026-03-05T19:53:52.215Z" },
    { url = "https://pypi.tuna.tsinghua.edu.cn/packages/ab/98/13e5b250236a281b6cd9e92a01ee1ae231029fa78faee932ef3766e1cb24/brotlicffi-1.2.0.1-cp314-cp314t-win_amd64.whl", hash = "sha256:625f8115d32ae9c0740d01ea51518437c3fbaa3e78d41cb18459f6f7ac326000", size = 385652, upload-time = "2026-03-05T19:53:53.892Z" },
    { url = "https://pypi.tuna.tsinghua.edu.cn/packages/9a/9f/b98dcd4af47994cee97aebac866996a006a2e5fc1fd1e2b82a8ad95cf09c/brotlicffi-1.2.0.1-cp38-abi3-macosx_11_0_arm64.whl", hash = "sha256:91ba5f0ccc040f6ff8f7efaf839f797723d03ed46acb8ae9408f99ffd2572cf4", size = 432608, upload-time = "2026-03-05T19:53:56.736Z" },
    { url = "https://pypi.tuna.tsinghua.edu.cn/packages/b1/7a/ac4ee56595a061e3718a6d1ea7e921f4df156894acffb28ed88a1fd52022/brotlicffi-1.2.0.1-cp38-abi3-manylinux2014_aarch64.manylinux_2_17_aarch64.manylinux_2_28_aarch64.whl", hash = "sha256:be9a670c6811af30a4bd42d7116dc5895d3b41beaa8ed8a89050447a0181f5ce", size = 1534257, upload-time = "2026-03-05T19:53:58.667Z" },
    { url = "https://pypi.tuna.tsinghua.edu.cn/packages/99/39/e7410db7f6f56de57744ea52a115084ceb2735f4d44973f349bb92136586/brotlicffi-1.2.0.1-cp38-abi3-manylinux2014_x86_64.manylinux_2_17_x86_64.manylinux_2_28_x86_64.whl", hash = "sha256:6f3314a3476f59e5443f9f72a6dff16edc0c3463c9b318feaef04ae3e4683f5a", size = 1536838, upload-time = "2026-03-05T19:54:00.705Z" },
    { url = "https://pypi.tuna.tsinghua.edu.cn/packages/a6/75/6e7977d1935fc3fbb201cbd619be8f2c7aea25d40a096967132854b34708/brotlicffi-1.2.0.1-cp38-abi3-win32.whl", hash = "sha256:82ea52e2b5d3145b6c406ebd3efb0d55db718b7ad996bd70c62cec0439de1187", size = 343337, upload-time = "2026-03-05T19:54:02.446Z" },
    { url = "https://pypi.tuna.tsinghua.edu.cn/packages/d8/ef/e7e485ce5e4ba3843a0a92feb767c7b6098fd6e65ce752918074d175ae71/brotlicffi-1.2.0.1-cp38-abi3-win_amd64.whl", hash = "sha256:da2e82a08e7778b8bc539d27ca03cdd684113e81394bfaaad8d0dfc6a17ddede", size = 379026, upload-time = "2026-03-05T19:54:04.322Z" },
]

[[package]]
name = "certifi"
version = "2026.5.20"
source = { registry = "https://pypi.tuna.tsinghua.edu.cn/simple" }
sdist = { url = "https://pypi.tuna.tsinghua.edu.cn/packages/f3/ce/ee2ecad540810a79593028e88299baeae54d346cc7a0d94b6199988b89b1/certifi-2026.5.20.tar.gz", hash = "sha256:69dea482ab64caa7b9f6aba1c6bf48bb6a5448d1c0f1b17ab42ad8c763a5344d", size = 135422, upload-time = "2026-05-20T11:46:50.073Z" }
wheels = [
    { url = "https://pypi.tuna.tsinghua.edu.cn/packages/59/8c/57e832b7af6d7c5abe66eb3fbe3a3a32f4d11ea23a1aa7131371035be991/certifi-2026.5.20-py3-none-any.whl", hash = "sha256:3c52e209ba0a4ad7aebe60436a4ab349c39e1e602e8c134221e546902ad25897", size = 134134, upload-time = "2026-05-20T11:46:48.578Z" },
]

[[package]]
name = "cffi"
version = "2.0.0"
source = { registry = "https://pypi.tuna.tsinghua.edu.cn/simple" }
dependencies = [
    { name = "pycparser", marker = "implementation_name != 'PyPy'" },
]
sdist = { url = "https://pypi.tuna.tsinghua.edu.cn/packages/eb/56/b1ba7935a17738ae8453301356628e8147c79dbb825bcbc73dc7401f9846/cffi-2.0.0.tar.gz", hash = "sha256:44d1b5909021139fe36001ae048dbdde8214afa20200eda0f64c068cac5d5529", size = 523588, upload-time = "2025-09-08T23:24:04.541Z" }
wheels = [
    { url = "https://pypi.tuna.tsinghua.edu.cn/packages/92/c4/3ce07396253a83250ee98564f8d7e9789fab8e58858f35d07a9a2c78de9f/cffi-2.0.0-cp314-cp314-macosx_10_13_x86_64.whl", hash = "sha256:fc33c5141b55ed366cfaad382df24fe7dcbc686de5be719b207bb248e3053dc5", size = 185320, upload-time = "2025-09-08T23:23:18.087Z" },
    { url = "https://pypi.tuna.tsinghua.edu.cn/packages/59/dd/27e9fa567a23931c838c6b02d0764611c62290062a6d4e8ff7863daf9730/cffi-2.0.0-cp314-cp314-macosx_11_0_arm64.whl", hash = "sha256:c654de545946e0db659b3400168c9ad31b5d29593291482c43e3564effbcee13", size = 181487, upload-time = "2025-09-08T23:23:19.622Z" },
    { url = "https://pypi.tuna.tsinghua.edu.cn/packages/d6/43/0e822876f87ea8a4ef95442c3d766a06a51fc5298823f884ef87aaad168c/cffi-2.0.0-cp314-cp314-manylinux2014_aarch64.manylinux_2_17_aarch64.whl", hash = "sha256:24b6f81f1983e6df8db3adc38562c83f7d4a0c36162885ec7f7b77c7dcbec97b", size = 220049, upload-time = "2025-09-08T23:23:20.853Z" },
    { url = "https://pypi.tuna.tsinghua.edu.cn/packages/b4/89/76799151d9c2d2d1ead63c2429da9ea9d7aac304603de0c6e8764e6e8e70/cffi-2.0.0-cp314-cp314-manylinux2014_ppc64le.manylinux_2_17_ppc64le.whl", hash = "sha256:12873ca6cb9b0f0d3a0da705d6086fe911591737a59f28b7936bdfed27c0d47c", size = 207793, upload-time = "2025-09-08T23:23:22.08Z" },
    { url = "https://pypi.tuna.tsinghua.edu.cn/packages/bb/dd/3465b14bb9e24ee24cb88c9e3730f6de63111fffe513492bf8c808a3547e/cffi-2.0.0-cp314-cp314-manylinux2014_s390x.manylinux_2_17_s390x.whl", hash = "sha256:d9b97165e8aed9272a6bb17c01e3cc5871a594a446ebedc996e2397a1c1ea8ef", size = 206300, upload-time = "2025-09-08T23:23:23.314Z" },
    { url = "https://pypi.tuna.tsinghua.edu.cn/packages/47/d9/d83e293854571c877a92da46fdec39158f8d7e68da75bf73581225d28e90/cffi-2.0.0-cp314-cp314-manylinux2014_x86_64.manylinux_2_17_x86_64.whl", hash = "sha256:afb8db5439b81cf9c9d0c80404b60c3cc9c3add93e114dcae767f1477cb53775", size = 219244, upload-time = "2025-09-08T23:23:24.541Z" },
    { url = "https://pypi.tuna.tsinghua.edu.cn/packages/2b/0f/1f177e3683aead2bb00f7679a16451d302c436b5cbf2505f0ea8146ef59e/cffi-2.0.0-cp314-cp314-musllinux_1_2_aarch64.whl", hash = "sha256:737fe7d37e1a1bffe70bd5754ea763a62a066dc5913ca57e957824b72a85e205", size = 222828, upload-time = "2025-09-08T23:23:26.143Z" },
    { url = "https://pypi.tuna.tsinghua.edu.cn/packages/c6/0f/cafacebd4b040e3119dcb32fed8bdef8dfe94da653155f9d0b9dc660166e/cffi-2.0.0-cp314-cp314-musllinux_1_2_x86_64.whl", hash = "sha256:38100abb9d1b1435bc4cc340bb4489635dc2f0da7456590877030c9b3d40b0c1", size = 220926, upload-time = "2025-09-08T23:23:27.873Z" },
    { url = "https://pypi.tuna.tsinghua.edu.cn/packages/3e/aa/df335faa45b395396fcbc03de2dfcab242cd61a9900e914fe682a59170b1/cffi-2.0.0-cp314-cp314-win32.whl", hash = "sha256:087067fa8953339c723661eda6b54bc98c5625757ea62e95eb4898ad5e776e9f", size = 175328, upload-time = "2025-09-08T23:23:44.61Z" },
    { url = "https://pypi.tuna.tsinghua.edu.cn/packages/bb/92/882c2d30831744296ce713f0feb4c1cd30f346ef747b530b5318715cc367/cffi-2.0.0-cp314-cp314-win_amd64.whl", hash = "sha256:203a48d1fb583fc7d78a4c6655692963b860a417c0528492a6bc21f1aaefab25", size = 185650, upload-time = "2025-09-08T23:23:45.848Z" },
    { url = "https://pypi.tuna.tsinghua.edu.cn/packages/9f/2c/98ece204b9d35a7366b5b2c6539c350313ca13932143e79dc133ba757104/cffi-2.0.0-cp314-cp314-win_arm64.whl", hash = "sha256:dbd5c7a25a7cb98f5ca55d258b103a2054f859a46ae11aaf23134f9cc0d356ad", size = 180687, upload-time = "2025-09-08T23:23:47.105Z" },
    { url = "https://pypi.tuna.tsinghua.edu.cn/packages/3e/61/c768e4d548bfa607abcda77423448df8c471f25dbe64fb2ef6d555eae006/cffi-2.0.0-cp314-cp314t-macosx_10_13_x86_64.whl", hash = "sha256:9a67fc9e8eb39039280526379fb3a70023d77caec1852002b4da7e8b270c4dd9", size = 188773, upload-time = "2025-09-08T23:23:29.347Z" },
    { url = "https://pypi.tuna.tsinghua.edu.cn/packages/2c/ea/5f76bce7cf6fcd0ab1a1058b5af899bfbef198bea4d5686da88471ea0336/cffi-2.0.0-cp314-cp314t-macosx_11_0_arm64.whl", hash = "sha256:7a66c7204d8869299919db4d5069a82f1561581af12b11b3c9f48c584eb8743d", size = 185013, upload-time = "2025-09-08T23:23:30.63Z" },
    { url = "https://pypi.tuna.tsinghua.edu.cn/packages/be/b4/c56878d0d1755cf9caa54ba71e5d049479c52f9e4afc230f06822162ab2f/cffi-2.0.0-cp314-cp314t-manylinux2014_aarch64.manylinux_2_17_aarch64.whl", hash = "sha256:7cc09976e8b56f8cebd752f7113ad07752461f48a58cbba644139015ac24954c", size = 221593, upload-time = "2025-09-08T23:23:31.91Z" },
    { url = "https://pypi.tuna.tsinghua.edu.cn/packages/e0/0d/eb704606dfe8033e7128df5e90fee946bbcb64a04fcdaa97321309004000/cffi-2.0.0-cp314-cp314t-manylinux2014_ppc64le.manylinux_2_17_ppc64le.whl", hash = "sha256:92b68146a71df78564e4ef48af17551a5ddd142e5190cdf2c5624d0c3ff5b2e8", size = 209354, upload-time = "2025-09-08T23:23:33.214Z" },
    { url = "https://pypi.tuna.tsinghua.edu.cn/packages/d8/19/3c435d727b368ca475fb8742ab97c9cb13a0de600ce86f62eab7fa3eea60/cffi-2.0.0-cp314-cp314t-manylinux2014_s390x.manylinux_2_17_s390x.whl", hash = "sha256:b1e74d11748e7e98e2f426ab176d4ed720a64412b6a15054378afdb71e0f37dc", size = 208480, upload-time = "2025-09-08T23:23:34.495Z" },
    { url = "https://pypi.tuna.tsinghua.edu.cn/packages/d0/44/681604464ed9541673e486521497406fadcc15b5217c3e326b061696899a/cffi-2.0.0-cp314-cp314t-manylinux2014_x86_64.manylinux_2_17_x86_64.whl", hash = "sha256:28a3a209b96630bca57cce802da70c266eb08c6e97e5afd61a75611ee6c64592", size = 221584, upload-time = "2025-09-08T23:23:36.096Z" },
    { url = "https://pypi.tuna.tsinghua.edu.cn/packages/25/8e/342a504ff018a2825d395d44d63a767dd8ebc927ebda557fecdaca3ac33a/cffi-2.0.0-cp314-cp314t-musllinux_1_2_aarch64.whl", hash = "sha256:7553fb2090d71822f02c629afe6042c299edf91ba1bf94951165613553984512", size = 224443, upload-time = "2025-09-08T23:23:37.328Z" },
    { url = "https://pypi.tuna.tsinghua.edu.cn/packages/e1/5e/b666bacbbc60fbf415ba9988324a132c9a7a0448a9a8f125074671c0f2c3/cffi-2.0.0-cp314-cp314t-musllinux_1_2_x86_64.whl", hash = "sha256:6c6c373cfc5c83a975506110d17457138c8c63016b563cc9ed6e056a82f13ce4", size = 223437, upload-time = "2025-09-08T23:23:38.945Z" },
    { url = "https://pypi.tuna.tsinghua.edu.cn/packages/a0/1d/ec1a60bd1a10daa292d3cd6bb0b359a81607154fb8165f3ec95fe003b85c/cffi-2.0.0-cp314-cp314t-win32.whl", hash = "sha256:1fc9ea04857caf665289b7a75923f2c6ed559b8298a1b8c49e59f7dd95c8481e", size = 180487, upload-time = "2025-09-08T23:23:40.423Z" },
    { url = "https://pypi.tuna.tsinghua.edu.cn/packages/bf/41/4c1168c74fac325c0c8156f04b6749c8b6a8f405bbf91413ba088359f60d/cffi-2.0.0-cp314-cp314t-win_amd64.whl", hash = "sha256:d68b6cef7827e8641e8ef16f4494edda8b36104d79773a334beaa1e3521430f6", size = 191726, upload-time = "2025-09-08T23:23:41.742Z" },
    { url = "https://pypi.tuna.tsinghua.edu.cn/packages/ae/3a/dbeec9d1ee0844c679f6bb5d6ad4e9f198b1224f4e7a32825f47f6192b0c/cffi-2.0.0-cp314-cp314t-win_arm64.whl", hash = "sha256:0a1527a803f0a659de1af2e1fd700213caba79377e27e4693648c2923da066f9", size = 184195, upload-time = "2025-09-08T23:23:43.004Z" },
]

[[package]]
name = "click"
version = "8.4.1"
source = { registry = "https://pypi.tuna.tsinghua.edu.cn/simple" }
dependencies = [
    { name = "colorama", marker = "sys_platform == 'win32'" },
]
sdist = { url = "https://pypi.tuna.tsinghua.edu.cn/packages/9b/98/518d8e5081007684232226f475082b30087d0f585e8457db087298259f49/click-8.4.1.tar.gz", hash = "sha256:918b5633eddf6b41c32d4f454bf0de810065c74e3f7dbf8ee5452f8be88d3e96", size = 353007, upload-time = "2026-05-22T04:08:37.769Z" }
wheels = [
    { url = "https://pypi.tuna.tsinghua.edu.cn/packages/c7/0d/67e5b4109ea4a837e80daa87c2c696711955e40449a97e8926672534def2/click-8.4.1-py3-none-any.whl", hash = "sha256:482be17c6991b8c19c5429a1e995d9b0efdbb63172824c41f99965dc0ade8ec2", size = 116639, upload-time = "2026-05-22T04:08:35.26Z" },
]

[[package]]
name = "colorama"
version = "0.4.6"
source = { registry = "https://pypi.tuna.tsinghua.edu.cn/simple" }
sdist = { url = "https://pypi.tuna.tsinghua.edu.cn/packages/d8/53/6f443c9a4a8358a93a6792e2acffb9d9d5cb0a5cfd8802644b7b1c9a02e4/colorama-0.4.6.tar.gz", hash = "sha256:08695f5cb7ed6e0531a20572697297273c47b8cae5a63ffc6d6ed5c201be6e44", size = 27697, upload-time = "2022-10-25T02:36:22.414Z" }
wheels = [
    { url = "https://pypi.tuna.tsinghua.edu.cn/packages/d1/d6/3965ed04c63042e047cb6a3e6ed1a63a35087b6a609aa3a15ed8ac56c221/colorama-0.4.6-py2.py3-none-any.whl", hash = "sha256:4f1d9991f5acc0ca119f9d443620b77f9d6b33703e51011c16baf57afb285fc6", size = 25335, upload-time = "2022-10-25T02:36:20.889Z" },
]

[[package]]
name = "dbus-python"
version = "1.4.0"
source = { registry = "https://pypi.tuna.tsinghua.edu.cn/simple" }
sdist = { url = "https://pypi.tuna.tsinghua.edu.cn/packages/ff/24/63118050c7dd7be04b1ccd60eab53fef00abe844442e1b6dec92dae505d6/dbus-python-1.4.0.tar.gz", hash = "sha256:991666e498f60dbf3e49b8b7678f5559b8a65034fdf61aae62cdecdb7d89c770", size = 232490, upload-time = "2025-03-13T19:57:54.212Z" }

[[package]]
name = "diskcache"
version = "5.6.3"
source = { registry = "https://pypi.tuna.tsinghua.edu.cn/simple" }
sdist = { url = "https://pypi.tuna.tsinghua.edu.cn/packages/3f/21/1c1ffc1a039ddcc459db43cc108658f32c57d271d7289a2794e401d0fdb6/diskcache-5.6.3.tar.gz", hash = "sha256:2c3a3fa2743d8535d832ec61c2054a1641f41775aa7c556758a109941e33e4fc" }
wheels = [
    { url = "https://pypi.tuna.tsinghua.edu.cn/packages/3f/27/4570e78fc0bf5ea0ca45eb1de3818a23787af9b390c0b0a0033a1b8236f9/diskcache-5.6.3-py3-none-any.whl", hash = "sha256:5e31b2d5fbad117cc363ebaf6b689474db18a1f6438bc82358b024abd4c2ca19" },
]

[[package]]
name = "h11"
version = "0.16.0"
source = { registry = "https://pypi.tuna.tsinghua.edu.cn/simple" }
sdist = { url = "https://pypi.tuna.tsinghua.edu.cn/packages/01/ee/02a2c011bdab74c6fb3c75474d40b3052059d95df7e73351460c8588d963/h11-0.16.0.tar.gz", hash = "sha256:4e35b956cf45792e4caa5885e69fba00bdbc6ffafbfa020300e549b208ee5ff1", size = 101250, upload-time = "2025-04-24T03:35:25.427Z" }
wheels = [
    { url = "https://pypi.tuna.tsinghua.edu.cn/packages/04/4b/29cac41a4d98d144bf5f6d33995617b185d14b22401f75ca86f384e87ff1/h11-0.16.0-py3-none-any.whl", hash = "sha256:63cf8bbe7522de3bf65932fda1d9c2772064ffb3dae62d55932da54b31cb6c86", size = 37515, upload-time = "2025-04-24T03:35:24.344Z" },
]

[[package]]
name = "h2"
version = "4.3.0"
source = { registry = "https://pypi.tuna.tsinghua.edu.cn/simple" }
dependencies = [
    { name = "hpack" },
    { name = "hyperframe" },
]
sdist = { url = "https://pypi.tuna.tsinghua.edu.cn/packages/1d/17/afa56379f94ad0fe8defd37d6eb3f89a25404ffc71d4d848893d270325fc/h2-4.3.0.tar.gz", hash = "sha256:6c59efe4323fa18b47a632221a1888bd7fde6249819beda254aeca909f221bf1", size = 2152026, upload-time = "2025-08-23T18:12:19.778Z" }
wheels = [
    { url = "https://pypi.tuna.tsinghua.edu.cn/packages/69/b2/119f6e6dcbd96f9069ce9a2665e0146588dc9f88f29549711853645e736a/h2-4.3.0-py3-none-any.whl", hash = "sha256:c438f029a25f7945c69e0ccf0fb951dc3f73a5f6412981daee861431b70e2bdd", size = 61779, upload-time = "2025-08-23T18:12:17.779Z" },
]

[[package]]
name = "hpack"
version = "4.1.0"
source = { registry = "https://pypi.tuna.tsinghua.edu.cn/simple" }
sdist = { url = "https://pypi.tuna.tsinghua.edu.cn/packages/2c/48/71de9ed269fdae9c8057e5a4c0aa7402e8bb16f2c6e90b3aa53327b113f8/hpack-4.1.0.tar.gz", hash = "sha256:ec5eca154f7056aa06f196a557655c5b009b382873ac8d1e66e79e87535f1dca", size = 51276, upload-time = "2025-01-22T21:44:58.347Z" }
wheels = [
    { url = "https://pypi.tuna.tsinghua.edu.cn/packages/07/c6/80c95b1b2b94682a72cbdbfb85b81ae2daffa4291fbfa1b1464502ede10d/hpack-4.1.0-py3-none-any.whl", hash = "sha256:157ac792668d995c657d93111f46b4535ed114f0c9c8d672271bbec7eae1b496", size = 34357, upload-time = "2025-01-22T21:44:56.92Z" },
]

[[package]]
name = "httpcore"
version = "1.0.9"
source = { registry = "https://pypi.tuna.tsinghua.edu.cn/simple" }
dependencies = [
    { name = "certifi" },
    { name = "h11" },
]
sdist = { url = "https://pypi.tuna.tsinghua.edu.cn/packages/06/94/82699a10bca87a5556c9c59b5963f2d039dbd239f25bc2a63907a05a14cb/httpcore-1.0.9.tar.gz", hash = "sha256:6e34463af53fd2ab5d807f399a9b45ea31c3dfa2276f15a2c3f00afff6e176e8", size = 85484, upload-time = "2025-04-24T22:06:22.219Z" }
wheels = [
    { url = "https://pypi.tuna.tsinghua.edu.cn/packages/7e/f5/f66802a942d491edb555dd61e3a9961140fd64c90bce1eafd741609d334d/httpcore-1.0.9-py3-none-any.whl", hash = "sha256:2d400746a40668fc9dec9810239072b40b4484b640a8c38fd654a024c7a1bf55", size = 78784, upload-time = "2025-04-24T22:06:20.566Z" },
]

[[package]]
name = "httpx"
version = "0.28.1"
source = { registry = "https://pypi.tuna.tsinghua.edu.cn/simple" }
dependencies = [
    { name = "anyio" },
    { name = "certifi" },
    { name = "httpcore" },
    { name = "idna" },
]
sdist = { url = "https://pypi.tuna.tsinghua.edu.cn/packages/b1/df/48c586a5fe32a0f01324ee087459e112ebb7224f646c0b5023f5e79e9956/httpx-0.28.1.tar.gz", hash = "sha256:75e98c5f16b0f35b567856f597f06ff2270a374470a5c2392242528e3e3e42fc", size = 141406, upload-time = "2024-12-06T15:37:23.222Z" }
wheels = [
    { url = "https://pypi.tuna.tsinghua.edu.cn/packages/2a/39/e50c7c3a983047577ee07d2a9e53faf5a69493943ec3f6a384bdc792deb2/httpx-0.28.1-py3-none-any.whl", hash = "sha256:d909fcccc110f8c7faf814ca82a9a4d816bc5a6dbfea25d6591d6985b8ba59ad", size = 73517, upload-time = "2024-12-06T15:37:21.509Z" },
]

[package.optional-dependencies]
brotli = [
    { name = "brotli", marker = "platform_python_implementation == 'CPython'" },
    { name = "brotlicffi", marker = "platform_python_implementation != 'CPython'" },
]
http2 = [
    { name = "h2" },
]

[[package]]
name = "hyperframe"
version = "6.1.0"
source = { registry = "https://pypi.tuna.tsinghua.edu.cn/simple" }
sdist = { url = "https://pypi.tuna.tsinghua.edu.cn/packages/02/e7/94f8232d4a74cc99514c13a9f995811485a6903d48e5d952771ef6322e30/hyperframe-6.1.0.tar.gz", hash = "sha256:f630908a00854a7adeabd6382b43923a4c4cd4b821fcb527e6ab9e15382a3b08", size = 26566, upload-time = "2025-01-22T21:41:49.302Z" }
wheels = [
    { url = "https://pypi.tuna.tsinghua.edu.cn/packages/48/30/47d0bf6072f7252e6521f3447ccfa40b421b6824517f82854703d0f5a98b/hyperframe-6.1.0-py3-none-any.whl", hash = "sha256:b03380493a519fce58ea5af42e4a42317bf9bd425596f7a0835ffce80f1a42e5", size = 13007, upload-time = "2025-01-22T21:41:47.295Z" },
]

[[package]]
name = "idna"
version = "3.18"
source = { registry = "https://pypi.tuna.tsinghua.edu.cn/simple" }
sdist = { url = "https://pypi.tuna.tsinghua.edu.cn/packages/cd/63/9496c57188a2ee585e0f1db071d75089a11e98aa86eb99d9d7618fc1edce/idna-3.18.tar.gz", hash = "sha256:ffb385a7e039654cef1ab9ef32c6fafe283c0c0467bba1d9029738ce4a14a848", size = 196711, upload-time = "2026-06-02T14:34:07.794Z" }
wheels = [
    { url = "https://pypi.tuna.tsinghua.edu.cn/packages/1e/5e/d4e9f1a599fb8e573b7b87160658329fbf28d19eac2718f51fc3def3aa5a/idna-3.18-py3-none-any.whl", hash = "sha256:7f952cbe720b688055e3f87de14f5c3e5fdaa8bc3928985c4077ca689de849a2", size = 65455, upload-time = "2026-06-02T14:34:06.319Z" },
]

[[package]]
name = "layrics"
version = "0.1.0"
source = { editable = "." }
dependencies = [
    { name = "appdirs" },
    { name = "click" },
    { name = "dbus-python" },
    { name = "diskcache" },
    { name = "httpx", extra = ["brotli", "http2"] },
    { name = "mutagen" },
    { name = "pyaes" },
    { name = "pygobject" },
]

[package.metadata]
requires-dist = [
    { name = "appdirs" },
    { name = "click", specifier = ">=8.4.1" },
    { name = "dbus-python" },
    { name = "diskcache" },
    { name = "httpx", extras = ["brotli", "http2"] },
    { name = "mutagen" },
    { name = "pyaes" },
    { name = "pygobject" },
]

[[package]]
name = "mutagen"
version = "1.47.0"
source = { registry = "https://pypi.tuna.tsinghua.edu.cn/simple" }
sdist = { url = "https://pypi.tuna.tsinghua.edu.cn/packages/81/e6/64bc71b74eef4b68e61eb921dcf72dabd9e4ec4af1e11891bbd312ccbb77/mutagen-1.47.0.tar.gz", hash = "sha256:719fadef0a978c31b4cf3c956261b3c58b6948b32023078a2117b1de09f0fc99", size = 1274186, upload-time = "2023-09-03T16:33:33.411Z" }
wheels = [
    { url = "https://pypi.tuna.tsinghua.edu.cn/packages/b0/7a/620f945b96be1f6ee357d211d5bf74ab1b7fe72a9f1525aafbfe3aee6875/mutagen-1.47.0-py3-none-any.whl", hash = "sha256:edd96f50c5907a9539d8e5bba7245f62c9f520aef333d13392a79a4f70aca719", size = 194391, upload-time = "2023-09-03T16:33:29.955Z" },
]

[[package]]
name = "pyaes"
version = "1.6.1"
source = { registry = "https://pypi.tuna.tsinghua.edu.cn/simple" }
sdist = { url = "https://pypi.tuna.tsinghua.edu.cn/packages/44/66/2c17bae31c906613795711fc78045c285048168919ace2220daa372c7d72/pyaes-1.6.1.tar.gz", hash = "sha256:02c1b1405c38d3c370b085fb952dd8bea3fadcee6411ad99f312cc129c536d8f", size = 28536, upload-time = "2017-09-20T21:17:54.23Z" }

[[package]]
name = "pycairo"
version = "1.29.0"
source = { registry = "https://pypi.tuna.tsinghua.edu.cn/simple" }
sdist = { url = "https://pypi.tuna.tsinghua.edu.cn/packages/22/d9/1728840a22a4ef8a8f479b9156aa2943cd98c3907accd3849fb0d5f82bfd/pycairo-1.29.0.tar.gz", hash = "sha256:f3f7fde97325cae80224c09f12564ef58d0d0f655da0e3b040f5807bd5bd3142", size = 665871, upload-time = "2025-11-11T19:13:01.584Z" }
wheels = [
    { url = "https://pypi.tuna.tsinghua.edu.cn/packages/2d/fa/87eaeeb9d53344c769839d7b2854db7ff2cd596211e00dd1b702eeb1838f/pycairo-1.29.0-cp314-cp314-win32.whl", hash = "sha256:69e2a7968a3fbb839736257bae153f547bca787113cc8d21e9e08ca4526e0b6b", size = 767198, upload-time = "2025-11-11T19:12:42.336Z" },
    { url = "https://pypi.tuna.tsinghua.edu.cn/packages/3c/90/3564d0f64d0a00926ab863dc3c4a129b1065133128e96900772e1c4421f8/pycairo-1.29.0-cp314-cp314-win_amd64.whl", hash = "sha256:e91243437a21cc4c67c401eff4433eadc45745275fa3ade1a0d877e50ffb90da", size = 871579, upload-time = "2025-11-11T19:12:48.982Z" },
    { url = "https://pypi.tuna.tsinghua.edu.cn/packages/5e/91/93632b6ba12ad69c61991e3208bde88486fdfc152be8cfdd13444e9bc650/pycairo-1.29.0-cp314-cp314-win_arm64.whl", hash = "sha256:b72200ea0e5f73ae4c788cd2028a750062221385eb0e6d8f1ecc714d0b4fdf82", size = 719537, upload-time = "2025-11-11T19:12:55.016Z" },
    { url = "https://pypi.tuna.tsinghua.edu.cn/packages/93/23/37053c039f8d3b9b5017af9bc64d27b680c48a898d48b72e6d6583cf0155/pycairo-1.29.0-cp314-cp314t-win_amd64.whl", hash = "sha256:5e45fce6185f553e79e4ef1722b8e98e6cde9900dbc48cb2637a9ccba86f627a", size = 874015, upload-time = "2025-11-11T19:12:28.47Z" },
    { url = "https://pypi.tuna.tsinghua.edu.cn/packages/d7/54/123f6239685f5f3f2edc123f1e38d2eefacebee18cf3c532d2f4bd51d0ef/pycairo-1.29.0-cp314-cp314t-win_arm64.whl", hash = "sha256:caba0837a4b40d47c8dfb0f24cccc12c7831e3dd450837f2a356c75f21ce5a15", size = 721404, upload-time = "2025-11-11T19:12:36.919Z" },
]

[[package]]
name = "pycparser"
version = "3.0"
source = { registry = "https://pypi.tuna.tsinghua.edu.cn/simple" }
sdist = { url = "https://pypi.tuna.tsinghua.edu.cn/packages/1b/7d/92392ff7815c21062bea51aa7b87d45576f649f16458d78b7cf94b9ab2e6/pycparser-3.0.tar.gz", hash = "sha256:600f49d217304a5902ac3c37e1281c9fe94e4d0489de643a9504c5cdfdfc6b29", size = 103492, upload-time = "2026-01-21T14:26:51.89Z" }
wheels = [
    { url = "https://pypi.tuna.tsinghua.edu.cn/packages/0c/c3/44f3fbbfa403ea2a7c779186dc20772604442dde72947e7d01069cbe98e3/pycparser-3.0-py3-none-any.whl", hash = "sha256:b727414169a36b7d524c1c3e31839a521725078d7b2ff038656844266160a992", size = 48172, upload-time = "2026-01-21T14:26:50.693Z" },
]

[[package]]
name = "pygobject"
version = "3.56.3"
source = { registry = "https://pypi.tuna.tsinghua.edu.cn/simple" }
dependencies = [
    { name = "pycairo" },
]
sdist = { url = "https://pypi.tuna.tsinghua.edu.cn/packages/da/61/978c5fbca34f10a90df362502fbb5a005637909e7b5a0e9212349ea9d010/pygobject-3.56.3.tar.gz", hash = "sha256:12760e4a0e3d04b6eb95e06f7a27e362c826d567ea613373a92c003b6c70d2d6", size = 1411853, upload-time = "2026-05-08T20:46:39.904Z" }
